
Microsoft Visual Studio Solution File, Format Version 12.00
Project("{FAE04EC0-301F-11D3-BF4B-00C04F79EFBC}") = "TestTask", "TestTask\TestTask.csproj", "{941005C7-0386-4451-9D94-C995522566B1}"
EndProject
Project("{FAE04EC0-301F-11D3-BF4B-00C04F79EFBC}") = "TestTask.Tests", "TestTask.Tests\TestTask.Tests.csproj", "{C245D142-9504-4390-B1B4-E5D4301C0519}"
EndProject
Global
	GlobalSection(SolutionConfigurationPlatforms) = preSolution
		Debug|Any CPU = Debug|Any CPU
		Release|Any CPU = Release|Any CPU
	EndGlobalSection
	GlobalSection(ProjectConfigurationPlatforms) = postSolution
		{941005C7-0386-4451-9D94-C995522566B1}.Debug|Any CPU.ActiveCfg = Debug|Any CPU
		{941005C7-0386-4451-9D94-C995522566B1}.Debug|Any CPU.Build.0 = Debug|Any CPU
		{941005C7-0386-4451-9D94-C995522566B1}.Release|Any CPU.ActiveCfg = Release|Any CPU
		{941005C7-0386-4451-9D94-C995522566B1}.Release|Any CPU.Build.0 = Release|Any CPU
		{C245D142-9504-4390-B1B4-E5D4301C0519}.Debug|Any CPU.ActiveCfg = Debug|Any CPU
		{C245D142-9504-4390-B1B4-E5D4301C0519}.Debug|Any CPU.Build.0 = Debug|Any CPU
		{C245D142-9504-4390-B1B4-E5D4301C0519}.Release|Any CPU.ActiveCfg = Release|Any CPU
		{C245D142-9504-4390-B1B4-E5D4301C0519}.Release|Any CPU.Build.0 = Release|Any CPU
	EndGlobalSection
EndGlobal
